
Microsoft Visual Studio Solution File, Format Version 12.00
# Visual Studio Version 17
VisualStudioVersion = 17.14.36518.9
MinimumVisualStudioVersion = 10.0.40219.1
Project("{FAE04EC0-301F-11D3-BF4B-00C04F79EFBC}") = "Client", "Client\Client.csproj", "{648E39AC-17DA-4E4F-B90F-868D24B62741}"
EndProject
Project("{FAE04EC0-301F-11D3-BF4B-00C04F79EFBC}") = "Server", "Server\Server.csproj", "{32ED793D-E3DE-47EE-9C52-2A3B7BD32169}"
EndProject
Project("{FAE04EC0-301F-11D3-BF4B-00C04F79EFBC}") = "Protocol", "Protocol\Protocol.csproj", "{900893E5-2DFB-4DA4-923E-9C62490BC102}"
EndProject
Global
	GlobalSection(SolutionConfigurationPlatforms) = preSolution
		Debug|Any CPU = Debug|Any CPU
		Preview|Any CPU = Preview|Any CPU
		Release|Any CPU = Release|Any CPU
	EndGlobalSection
	GlobalSection(ProjectConfigurationPlatforms) = postSolution
		{648E39AC-17DA-4E4F-B90F-868D24B62741}.Debug|Any CPU.ActiveCfg = Debug|Any CPU
		{648E39AC-17DA-4E4F-B90F-868D24B62741}.Debug|Any CPU.Build.0 = Debug|Any CPU
		{648E39AC-17DA-4E4F-B90F-868D24B62741}.Preview|Any CPU.ActiveCfg = Preview|Any CPU
		{648E39AC-17DA-4E4F-B90F-868D24B62741}.Preview|Any CPU.Build.0 = Preview|Any CPU
		{648E39AC-17DA-4E4F-B90F-868D24B62741}.Release|Any CPU.ActiveCfg = Release|Any CPU
		{648E39AC-17DA-4E4F-B90F-868D24B62741}.Release|Any CPU.Build.0 = Release|Any CPU
		{32ED793D-E3DE-47EE-9C52-2A3B7BD32169}.Debug|Any CPU.ActiveCfg = Debug|Any CPU
		{32ED793D-E3DE-47EE-9C52-2A3B7BD32169}.Debug|Any CPU.Build.0 = Debug|Any CPU
		{32ED793D-E3DE-47EE-9C52-2A3B7BD32169}.Preview|Any CPU.ActiveCfg = Preview|Any CPU
		{32ED793D-E3DE-47EE-9C52-2A3B7BD32169}.Preview|Any CPU.Build.0 = Preview|Any CPU
		{32ED793D-E3DE-47EE-9C52-2A3B7BD32169}.Release|Any CPU.ActiveCfg = Release|Any CPU
		{32ED793D-E3DE-47EE-9C52-2A3B7BD32169}.Release|Any CPU.Build.0 = Release|Any CPU
		{900893E5-2DFB-4DA4-923E-9C62490BC102}.Debug|Any CPU.ActiveCfg = Debug|Any CPU
		{900893E5-2DFB-4DA4-923E-9C62490BC102}.Debug|Any CPU.Build.0 = Debug|Any CPU
		{900893E5-2DFB-4DA4-923E-9C62490BC102}.Preview|Any CPU.ActiveCfg = Preview|Any CPU
		{900893E5-2DFB-4DA4-923E-9C62490BC102}.Preview|Any CPU.Build.0 = Preview|Any CPU
		{900893E5-2DFB-4DA4-923E-9C62490BC102}.Release|Any CPU.ActiveCfg = Release|Any CPU
		{900893E5-2DFB-4DA4-923E-9C62490BC102}.Release|Any CPU.Build.0 = Release|Any CPU
	EndGlobalSection
	GlobalSection(SolutionProperties) = preSolution
		HideSolutionNode = FALSE
	EndGlobalSection
	GlobalSection(ExtensibilityGlobals) = postSolution
		SolutionGuid = {8FC467EE-CA80-4E2A-BCCC-AB01B7AC4152}
	EndGlobalSection
EndGlobal
